PODS:
  - Eelay (5.0.5)
  - JoLoading (5.0.0):
    - Eelay

DEPENDENCIES:
  - JoLoading (from `../`)

SPEC REPOS:
  https://github.com/cocoapods/specs.git:
    - Eelay

EXTERNAL SOURCES:
  JoLoading:
    :path: "../"

SPEC CHECKSUMS:
  Eelay: 21775ae88a2f226fbaf7b9844ce37c8e9950acd7
  JoLoading: fb09a3f7446aa9db4be035e0df90249425348077

PODFILE CHECKSUM: 9ceb28b80d9cedc84d759f3e1a94f0ccb906bb7c

COCOAPODS: 1.7.4
